
Microsoft Visual Studio Solution File, Format Version 12.00
# Visual Studio Version 16
VisualStudioVersion = 16.0.31205.134
MinimumVisualStudioVersion = 10.0.40219.1
Project("{FAE04EC0-301F-11D3-BF4B-00C04F79EFBC}") = "TruyumConsole", "TruyumConsole.csproj", "{70A08B8E-1793-4B59-94DA-D8C6941475D2}"
EndProject
Project("{9A19103F-16F7-4668-BE54-9A1E7A4F7556}") = "Com.Cognizant.Truyum.Model", "..\Com.Cognizant.Truyum.Model\Com.Cognizant.Truyum.Model.csproj", "{DDD54E0C-2399-4742-BF54-159F64B12846}"
EndProject
Project("{9A19103F-16F7-4668-BE54-9A1E7A4F7556}") = "Com.Cognizant.Truyum.Utility", "..\Com.Cognizant.Truyum.Utility\Com.Cognizant.Truyum.Utility.csproj", "{2B075434-EE0A-4A26-8A07-2D51E760B1BA}"
EndProject
Project("{9A19103F-16F7-4668-BE54-9A1E7A4F7556}") = "Com.Cognizant.Truyum.Dao", "..\Com.Cognizant.Truyum.Dao\Com.Cognizant.Truyum.Dao.csproj", "{BCF452E6-9232-4811-B96F-AA1AC6215905}"
EndProject
Global
	GlobalSection(SolutionConfigurationPlatforms) = preSolution
		Debug|Any CPU = Debug|Any CPU
		Release|Any CPU = Release|Any CPU
	EndGlobalSection
	GlobalSection(ProjectConfigurationPlatforms) = postSolution
		{70A08B8E-1793-4B59-94DA-D8C6941475D2}.Debug|Any CPU.ActiveCfg = Debug|Any CPU
		{70A08B8E-1793-4B59-94DA-D8C6941475D2}.Debug|Any CPU.Build.0 = Debug|Any CPU
		{70A08B8E-1793-4B59-94DA-D8C6941475D2}.Release|Any CPU.ActiveCfg = Release|Any CPU
		{70A08B8E-1793-4B59-94DA-D8C6941475D2}.Release|Any CPU.Build.0 = Release|Any CPU
		{DDD54E0C-2399-4742-BF54-159F64B12846}.Debug|Any CPU.ActiveCfg = Debug|Any CPU
		{DDD54E0C-2399-4742-BF54-159F64B12846}.Debug|Any CPU.Build.0 = Debug|Any CPU
		{DDD54E0C-2399-4742-BF54-159F64B12846}.Release|Any CPU.ActiveCfg = Release|Any CPU
		{DDD54E0C-2399-4742-BF54-159F64B12846}.Release|Any CPU.Build.0 = Release|Any CPU
		{2B075434-EE0A-4A26-8A07-2D51E760B1BA}.Debug|Any CPU.ActiveCfg = Debug|Any CPU
		{2B075434-EE0A-4A26-8A07-2D51E760B1BA}.Debug|Any CPU.Build.0 = Debug|Any CPU
		{2B075434-EE0A-4A26-8A07-2D51E760B1BA}.Release|Any CPU.ActiveCfg = Release|Any CPU
		{2B075434-EE0A-4A26-8A07-2D51E760B1BA}.Release|Any CPU.Build.0 = Release|Any CPU
		{BCF452E6-9232-4811-B96F-AA1AC6215905}.Debug|Any CPU.ActiveCfg = Debug|Any CPU
		{BCF452E6-9232-4811-B96F-AA1AC6215905}.Debug|Any CPU.Build.0 = Debug|Any CPU
		{BCF452E6-9232-4811-B96F-AA1AC6215905}.Release|Any CPU.ActiveCfg = Release|Any CPU
		{BCF452E6-9232-4811-B96F-AA1AC6215905}.Release|Any CPU.Build.0 = Release|Any CPU
	EndGlobalSection
	GlobalSection(SolutionProperties) = preSolution
		HideSolutionNode = FALSE
	EndGlobalSection
	GlobalSection(ExtensibilityGlobals) = postSolution
		SolutionGuid = {BF0B4D23-2A51-4C24-BB39-4E73058CAE92}
	EndGlobalSection
EndGlobal
